# This file was autogenerated by Stack.
# You should not edit this file by hand.
# For more information, please see the documentation at:
#   https://docs.haskellstack.org/en/stable/topics/lock_files

packages:
- completed:
    hackage: opaleye-0.9.2.0@sha256:59b20fc5c01676e5651fcbe54964d89d0c4404a1759f540c146c0b4968bad700,6015
    pantry-tree:
      sha256: a531d989da53596f2bb13677a3a999f930def6996a9cd6cbdedaab4b7430da2d
      size: 5662
  original:
    hackage: opaleye-0.9.2.0
- completed:
    hackage: product-profunctors-0.11.0.3@sha256:2f87ec174e9a49ee5c0ed2f0a078fe55a1842fed5879c812fa8e3da3d7f834f2,2478
    pantry-tree:
      sha256: 0935d0af8de1003652cf53d99a7c6048f9b5150fd0c22d63fc024f375a2d9aca
      size: 1538
  original:
    hackage: product-profunctors-0.11.0.3
- completed:
    hackage: uuid-1.3.15@sha256:7d553f95a750502228fc8411a5ad7e672d9b95272e3a61e5c711f19a49143821,2670
    pantry-tree:
      sha256: 507745fa062fd7a23f35dd475fc752b151bb40dbc9f60bf6f6f3d16397289e06
      size: 739
  original:
    hackage: uuid-1.3.15
- completed:
    hackage: net-mqtt-0.8.6.2@sha256:f882037dc6a658d0235de0bdc4c24c89194010da01eddba765dd427c9d9069a0,4499
    pantry-tree:
      sha256: 4815c257cfd5e2b8911ea73f89e2dea0ad2752ba1ad87757ea588d5a72de9bba
      size: 1131
  original:
    hackage: net-mqtt-0.8.6.2
- completed:
    hackage: unix-2.8.4.0@sha256:3532cdc3569087e33c193062498df3c0da1022cc997b1815b6a8a0ea5deb45eb,9351
    pantry-tree:
      sha256: f1a712e3f9fc6359ceae2cae607cb34c2f898c07119dac3440b4ba2423e2c5b1
      size: 5821
  original:
    hackage: unix-2.8.4.0
- completed:
    hackage: sqlite-simple-0.4.19.0@sha256:2996a0cef2ac99925ffb51cbf99d0a3fc129d67f3ece2294f14edb277d7b32d5,3153
    pantry-tree:
      sha256: 328b696862be96e4eb3769a3ef2ebf2ebf82fb85ae71c114826b81e85dc876c5
      size: 1930
  original:
    hackage: sqlite-simple-0.4.19.0
snapshots:
- completed:
    sha256: 1e32b51d9082fdf6f3bd92accc9dfffd4ddaf406404427fb10bf76d2bc03cbbb
    size: 720263
    url: https://raw.githubusercontent.com/commercialhaskell/stackage-snapshots/master/lts/22/41.yaml
  original: lts-22.41
